
Microsoft Visual Studio Solution File, Format Version 12.00
# Visual Studio Version 17
VisualStudioVersion = 17.4.33122.133
MinimumVisualStudioVersion = 10.0.40219.1
Project("{FAE04EC0-301F-11D3-BF4B-00C04F79EFBC}") = "STBL_KEYENCE_CHANGE_FILE_NAME", "STBL_KEYENCE_CHANGE_FILE_NAME\STBL_KEYENCE_CHANGE_FILE_NAME.csproj", "{0A49A7A7-2CA6-49C1-BB31-67E117821F21}"
EndProject
Global
	GlobalSection(SolutionConfigurationPlatforms) = preSolution
		Debug|Any CPU = Debug|Any CPU
		Release|Any CPU = Release|Any CPU
	EndGlobalSection
	GlobalSection(ProjectConfigurationPlatforms) = postSolution
		{0A49A7A7-2CA6-49C1-BB31-67E117821F21}.Debug|Any CPU.ActiveCfg = Debug|Any CPU
		{0A49A7A7-2CA6-49C1-BB31-67E117821F21}.Debug|Any CPU.Build.0 = Debug|Any CPU
		{0A49A7A7-2CA6-49C1-BB31-67E117821F21}.Release|Any CPU.ActiveCfg = Release|Any CPU
		{0A49A7A7-2CA6-49C1-BB31-67E117821F21}.Release|Any CPU.Build.0 = Release|Any CPU
	EndGlobalSection
	GlobalSection(SolutionProperties) = preSolution
		HideSolutionNode = FALSE
	EndGlobalSection
	GlobalSection(ExtensibilityGlobals) = postSolution
		SolutionGuid = {FB082A01-C6D0-442E-A18F-369184A0228B}
	EndGlobalSection
EndGlobal
